
Microsoft Visual Studio Solution File, Format Version 12.00
# Visual Studio 15
Project("{FAE04EC0-301F-11D3-BF4B-00C04F79EFBC}") = "Assembly-CSharp", "Assembly-CSharp.csproj", "{61E804C2-96EB-05C0-6E35-EB8EFADAB31B}"
EndProject
Global
	GlobalSection(SolutionConfigurationPlatforms) = preSolution
		Debug|Any CPU = Debug|Any CPU
		Release|Any CPU = Release|Any CPU
	EndGlobalSection
	GlobalSection(ProjectConfigurationPlatforms) = postSolution
		{61E804C2-96EB-05C0-6E35-EB8EFADAB31B}.Debug|Any CPU.ActiveCfg = Debug|Any CPU
		{61E804C2-96EB-05C0-6E35-EB8EFADAB31B}.Debug|Any CPU.Build.0 = Debug|Any CPU
		{61E804C2-96EB-05C0-6E35-EB8EFADAB31B}.Release|Any CPU.ActiveCfg = Release|Any CPU
		{61E804C2-96EB-05C0-6E35-EB8EFADAB31B}.Release|Any CPU.Build.0 = Release|Any CPU
	EndGlobalSection
	GlobalSection(SolutionProperties) = preSolution
		HideSolutionNode = FALSE
	EndGlobalSection
EndGlobal
